{
  "name": "English-INSSA-Project",
  "lockfileVersion": 3,
  "requires": true,
  "packages": {
    "": {
      "dependencies": {
        "sweetalert2": "^11.26.22"
      }
    },
    "node_modules/sweetalert2": {
      "version": "11.26.22",
      "resolved": "https://registry.npmjs.org/sweetalert2/-/sweetalert2-11.26.22.tgz",
      "integrity": "sha512-UtfV5j7gXBRLm0+6Vm+MqIpsMA7CF7lOGeBj1sc8YSb2Q2xKT6mkSV63b4kFUGNs4vYa+Nd7ufZ97ZX9hNfqsA==",
      "license": "MIT",
      "funding": {
        "type": "individual",
        "url": "https://github.com/sponsors/limonte"
      }
    }
  }
}
